<?xml version="1.0" encoding="UTF-8"?>
<CONFIG>
  <ProjectOptions>
    <Version Value="12"/>
    <PathDelim Value="\"/>
    <General>
      <SessionStorage Value="InProjectDir"/>
      <Title Value="Notetask"/>
      <Scaled Value="True"/>
      <NSPrincipalClass Value="notetask"/>
      <ResourceType Value="res"/>
      <UseXPManifest Value="True"/>
      <XPManifest>
        <DpiAware Value="True"/>
        <TextName Value="notetask"/>
        <TextDesc Value=""/>
      </XPManifest>
      <Icon Value="0"/>
      <Resources Count="32">
        <Resource_0 FileName="img\check.bmp" Type="BITMAP" ResourceName="CHECK"/>
        <Resource_1 FileName="img\uncheck.bmp" Type="BITMAP" ResourceName="UNCHECK"/>
        <Resource_2 FileName="img\taskdoc.ico" Type="ICON" ResourceName="TASKDOC"/>
        <Resource_3 FileName="locale\notetask.en.po" Type="RCDATA" ResourceName="NOTETASK.EN"/>
        <Resource_4 FileName="locale\notetask.es.po" Type="RCDATA" ResourceName="NOTETASK.ES"/>
        <Resource_5 FileName="locale\notetask.fr.po" Type="RCDATA" ResourceName="NOTETASK.FR"/>
        <Resource_6 FileName="locale\notetask.de.po" Type="RCDATA" ResourceName="NOTETASK.DE"/>
        <Resource_7 FileName="locale\notetask.it.po" Type="RCDATA" ResourceName="NOTETASK.IT"/>
        <Resource_8 FileName="locale\notetask.pt.po" Type="RCDATA" ResourceName="NOTETASK.PT"/>
        <Resource_9 FileName="locale\notetask.ru.po" Type="RCDATA" ResourceName="NOTETASK.RU"/>
        <Resource_10 FileName="locale\notetask.ja.po" Type="RCDATA" ResourceName="NOTETASK.JA"/>
        <Resource_11 FileName="locale\notetask.ko.po" Type="RCDATA" ResourceName="NOTETASK.KO"/>
        <Resource_12 FileName="locale\notetask.zh.po" Type="RCDATA" ResourceName="NOTETASK.ZH"/>
        <Resource_13 FileName="locale\notetask.ar.po" Type="RCDATA" ResourceName="NOTETASK.AR"/>
        <Resource_14 FileName="locale\notetask.be.po" Type="RCDATA" ResourceName="NOTETASK.BE"/>
        <Resource_15 FileName="locale\notetask.hi.po" Type="RCDATA" ResourceName="NOTETASK.HI"/>
        <Resource_16 FileName="locale\notetask.uk.po" Type="RCDATA" ResourceName="NOTETASK.UK"/>
        <Resource_17 FileName="img\stargray.bmp" Type="BITMAP" ResourceName="STARGRAY"/>
        <Resource_18 FileName="img\stargold.bmp" Type="BITMAP" ResourceName="STARGOLD"/>
        <Resource_19 FileName="img\leftarrow.cur" Type="RCDATA" ResourceName="LEFTARROW"/>
        <Resource_20 FileName="img\rightarrow.cur" Type="RCDATA" ResourceName="RIGHTARROW"/>
        <Resource_21 FileName="locale\notetask.cs.po" Type="RCDATA" ResourceName="NOTETASK.CS"/>
        <Resource_22 FileName="locale\notetask.da.po" Type="RCDATA" ResourceName="NOTETASK.DA"/>
        <Resource_23 FileName="locale\notetask.el.po" Type="RCDATA" ResourceName="NOTETASK.EL"/>
        <Resource_24 FileName="locale\notetask.fi.po" Type="RCDATA" ResourceName="NOTETASK.FI"/>
        <Resource_25 FileName="locale\notetask.he.po" Type="RCDATA" ResourceName="NOTETASK.HE"/>
        <Resource_26 FileName="locale\notetask.id.po" Type="RCDATA" ResourceName="NOTETASK.ID"/>
        <Resource_27 FileName="locale\notetask.nl.po" Type="RCDATA" ResourceName="NOTETASK.NL"/>
        <Resource_28 FileName="locale\notetask.pl.po" Type="RCDATA" ResourceName="NOTETASK.PL"/>
        <Resource_29 FileName="locale\notetask.ro.po" Type="RCDATA" ResourceName="NOTETASK.RO"/>
        <Resource_30 FileName="locale\notetask.sv.po" Type="RCDATA" ResourceName="NOTETASK.SV"/>
        <Resource_31 FileName="locale\notetask.tr.po" Type="RCDATA" ResourceName="NOTETASK.TR"/>
      </Resources>
    </General>
    <i18n>
      <EnableI18N Value="True"/>
      <OutDir Value="locale"/>
    </i18n>
    <VersionInfo>
      <UseVersionInfo Value="True"/>
      <MajorVersionNr Value="1"/>
      <MinorVersionNr Value="1"/>
      <RevisionNr Value="1"/>
      <StringTable FileDescription="Notetask" LegalCopyright="Alexander Tverskoy" ProductName="Notetask" ProductVersion="1.1.1"/>
    </VersionInfo>
    <BuildModes>
      <Item Name="Default" Default="True"/>
      <Item Name="Debug">
        <CompilerOptions>
          <Version Value="11"/>
          <PathDelim Value="\"/>
          <Target>
            <Filename Value="notetask"/>
          </Target>
          <SearchPaths>
            <IncludeFiles Value="$(ProjOutDir)"/>
            <OtherUnitFiles Value="forms;units;common"/>
            <UnitOutputDirectory Value="lib\$(TargetCPU)-$(TargetOS)"/>
          </SearchPaths>
          <Parsing>
            <SyntaxOptions>
              <IncludeAssertionCode Value="True"/>
            </SyntaxOptions>
          </Parsing>
          <CodeGeneration>
            <Checks>
              <IOChecks Value="True"/>
              <RangeChecks Value="True"/>
              <OverflowChecks Value="True"/>
              <StackChecks Value="True"/>
            </Checks>
          </CodeGeneration>
          <Linking>
            <Debugging>
              <DebugInfoType Value="dsDwarf3"/>
              <TrashVariables Value="True"/>
              <UseExternalDbgSyms Value="True"/>
            </Debugging>
            <Options>
              <Win32>
                <GraphicApplication Value="True"/>
              </Win32>
            </Options>
          </Linking>
          <Other>
            <CompilerMessages>
              <IgnoredMessages idx5024="True"/>
            </CompilerMessages>
          </Other>
        </CompilerOptions>
      </Item>
      <Item Name="Release">
        <CompilerOptions>
          <Version Value="11"/>
          <PathDelim Value="\"/>
          <Target>
            <Filename Value="notetask"/>
          </Target>
          <SearchPaths>
            <IncludeFiles Value="$(ProjOutDir)"/>
            <OtherUnitFiles Value="forms;units;common"/>
            <UnitOutputDirectory Value="lib\$(TargetCPU)-$(TargetOS)"/>
          </SearchPaths>
          <CodeGeneration>
            <SmartLinkUnit Value="True"/>
            <Optimizations>
              <OptimizationLevel Value="3"/>
            </Optimizations>
          </CodeGeneration>
          <Linking>
            <Debugging>
              <GenerateDebugInfo Value="False"/>
              <RunWithoutDebug Value="True"/>
            </Debugging>
            <LinkSmart Value="True"/>
            <Options>
              <Win32>
                <GraphicApplication Value="True"/>
              </Win32>
            </Options>
          </Linking>
          <Other>
            <CompilerMessages>
              <IgnoredMessages idx5024="True"/>
            </CompilerMessages>
          </Other>
        </CompilerOptions>
      </Item>
    </BuildModes>
    <PublishOptions>
      <Version Value="2"/>
      <UseFileFilters Value="True"/>
    </PublishOptions>
    <RunParams>
      <FormatVersion Value="2"/>
    </RunParams>
    <RequiredPackages>
      <Item>
        <PackageName Value="DateTimeCtrls"/>
      </Item>
      <Item>
        <PackageName Value="Printer4Lazarus"/>
      </Item>
      <Item>
        <PackageName Value="LCL"/>
      </Item>
    </RequiredPackages>
    <Units>
      <Unit>
        <Filename Value="notetask.lpr"/>
        <IsPartOfProject Value="True"/>
      </Unit>
      <Unit>
        <Filename Value="forms\mainform.pas"/>
        <IsPartOfProject Value="True"/>
        <ComponentName Value="formNotetask"/>
        <HasResources Value="True"/>
        <ResourceBaseClass Value="Form"/>
      </Unit>
      <Unit>
        <Filename Value="units\lineending.pas"/>
        <IsPartOfProject Value="True"/>
      </Unit>
      <Unit>
        <Filename Value="units\filemanager.pas"/>
        <IsPartOfProject Value="True"/>
      </Unit>
      <Unit>
        <Filename Value="units\task.pas"/>
        <IsPartOfProject Value="True"/>
      </Unit>
      <Unit>
        <Filename Value="units\settings.pas"/>
        <IsPartOfProject Value="True"/>
      </Unit>
      <Unit>
        <Filename Value="common\gridprn.pas"/>
        <IsPartOfProject Value="True"/>
        <UnitName Value="GridPrn"/>
      </Unit>
      <Unit>
        <Filename Value="units\systemtool.pas"/>
        <IsPartOfProject Value="True"/>
      </Unit>
      <Unit>
        <Filename Value="forms\formmemo.pas"/>
        <IsPartOfProject Value="True"/>
        <ComponentName Value="formMemoText"/>
        <HasResources Value="True"/>
        <ResourceBaseClass Value="Form"/>
      </Unit>
      <Unit>
        <Filename Value="forms\formfind.pas"/>
        <IsPartOfProject Value="True"/>
        <ComponentName Value="formFindText"/>
        <HasResources Value="True"/>
        <ResourceBaseClass Value="Form"/>
      </Unit>
      <Unit>
        <Filename Value="forms\formreplace.pas"/>
        <IsPartOfProject Value="True"/>
        <ComponentName Value="formReplaceText"/>
        <HasResources Value="True"/>
        <ResourceBaseClass Value="Form"/>
      </Unit>
      <Unit>
        <Filename Value="forms\formabout.pas"/>
        <IsPartOfProject Value="True"/>
        <ComponentName Value="formAboutNotetask"/>
        <HasResources Value="True"/>
        <ResourceBaseClass Value="Form"/>
      </Unit>
      <Unit>
        <Filename Value="forms\formdonate.pas"/>
        <IsPartOfProject Value="True"/>
        <ComponentName Value="formDonateNotetask"/>
        <HasResources Value="True"/>
        <ResourceBaseClass Value="Form"/>
      </Unit>
      <Unit>
        <Filename Value="LICENSE"/>
        <IsPartOfProject Value="True"/>
      </Unit>
      <Unit>
        <Filename Value="THIRD_PARTIES"/>
        <IsPartOfProject Value="True"/>
      </Unit>
      <Unit>
        <Filename Value="units\mdformat.pas"/>
        <IsPartOfProject Value="True"/>
      </Unit>
      <Unit>
        <Filename Value="units\mathparser.pas"/>
        <IsPartOfProject Value="True"/>
      </Unit>
      <Unit>
        <Filename Value="units\formattool.pas"/>
        <IsPartOfProject Value="True"/>
      </Unit>
      <Unit>
        <Filename Value="units\crypto.pas"/>
        <IsPartOfProject Value="True"/>
      </Unit>
      <Unit>
        <Filename Value="common\DCPrijndael.inc"/>
        <IsPartOfProject Value="True"/>
      </Unit>
      <Unit>
        <Filename Value="common\dcprijndael.pas"/>
        <IsPartOfProject Value="True"/>
        <UnitName Value="DCPrijndael"/>
      </Unit>
      <Unit>
        <Filename Value="common\dcpsha256.pas"/>
        <IsPartOfProject Value="True"/>
        <UnitName Value="DCPsha256"/>
      </Unit>
      <Unit>
        <Filename Value="common\dcpblockciphers.pas"/>
        <IsPartOfProject Value="True"/>
        <UnitName Value="DCPblockciphers"/>
      </Unit>
      <Unit>
        <Filename Value="common\dcpconst.pas"/>
        <IsPartOfProject Value="True"/>
        <UnitName Value="DCPconst"/>
      </Unit>
      <Unit>
        <Filename Value="common\dcpcrypt2.pas"/>
        <IsPartOfProject Value="True"/>
        <UnitName Value="DCPcrypt2"/>
      </Unit>
      <Unit>
        <Filename Value="common\dcpbase64.pas"/>
        <IsPartOfProject Value="True"/>
        <UnitName Value="DCPbase64"/>
      </Unit>
      <Unit>
        <Filename Value="forms\forminput.pas"/>
        <IsPartOfProject Value="True"/>
        <ComponentName Value="formInputText"/>
        <HasResources Value="True"/>
        <ResourceBaseClass Value="Form"/>
      </Unit>
      <Unit>
        <Filename Value="common\TagColorItems.pas"/>
        <IsPartOfProject Value="True"/>
      </Unit>
      <Unit>
        <Filename Value="common\TagEdit.pas"/>
        <IsPartOfProject Value="True"/>
      </Unit>
      <Unit>
        <Filename Value="common\TagCheckPopup.pas"/>
        <IsPartOfProject Value="True"/>
      </Unit>
      <Unit>
        <Filename Value="common\udarkstyle.pas"/>
        <IsPartOfProject Value="True"/>
        <UnitName Value="uDarkStyle"/>
      </Unit>
      <Unit>
        <Filename Value="common\uimport.pas"/>
        <IsPartOfProject Value="True"/>
        <UnitName Value="uImport"/>
      </Unit>
      <Unit>
        <Filename Value="common\uwin32widgetsetdark.pas"/>
        <IsPartOfProject Value="True"/>
        <UnitName Value="uWin32WidgetSetDark"/>
      </Unit>
    </Units>
  </ProjectOptions>
  <CompilerOptions>
    <Version Value="11"/>
    <PathDelim Value="\"/>
    <Target>
      <Filename Value="notetask"/>
    </Target>
    <SearchPaths>
      <IncludeFiles Value="$(ProjOutDir)"/>
      <OtherUnitFiles Value="forms;units"/>
      <UnitOutputDirectory Value="lib\$(TargetCPU)-$(TargetOS)"/>
    </SearchPaths>
    <Linking>
      <Debugging>
        <DebugInfoType Value="dsDwarf3"/>
        <UseExternalDbgSyms Value="True"/>
      </Debugging>
      <Options>
        <Win32>
          <GraphicApplication Value="True"/>
        </Win32>
      </Options>
    </Linking>
  </CompilerOptions>
  <Debugging>
    <Exceptions>
      <Item>
        <Name Value="EAbort"/>
      </Item>
      <Item>
        <Name Value="ECodetoolError"/>
      </Item>
      <Item>
        <Name Value="EFOpenError"/>
      </Item>
    </Exceptions>
  </Debugging>
</CONFIG>
