<?xml version="1.0" encoding="UTF-8"?>
<CONFIG>
  <ProjectOptions>
    <Version Value="12"/>
    <PathDelim Value="\"/>
    <General>
      <SessionStorage Value="InProjectDir"/>
      <Title Value="Notetask"/>
      <Scaled Value="True"/>
      <NSPrincipalClass Value="notetask"/>
      <ResourceType Value="res"/>
      <UseXPManifest Value="True"/>
      <XPManifest>
        <DpiAware Value="True"/>
        <ExecutionLevel Value="highestAvailable"/>
        <TextName Value="notetask"/>
        <TextDesc Value=""/>
      </XPManifest>
      <Icon Value="0"/>
      <Resources Count="6">
        <Resource_0 FileName="check.bmp" Type="BITMAP" ResourceName="CHECK"/>
        <Resource_1 FileName="uncheck.bmp" Type="BITMAP" ResourceName="UNCHECK"/>
        <Resource_2 FileName="taskdoc.ico" Type="ICON" ResourceName="TASKDOC"/>
        <Resource_3 FileName="locale\notetask.en.po" Type="RCDATA" ResourceName="NOTETASK.EN"/>
        <Resource_4 FileName="locale\notetask.de.po" Type="RCDATA" ResourceName="NOTETASK.DE"/>
        <Resource_5 FileName="locale\notetask.ru.po" Type="RCDATA" ResourceName="NOTETASK.RU"/>
      </Resources>
    </General>
    <i18n>
      <EnableI18N Value="True"/>
      <OutDir Value="locale"/>
    </i18n>
    <VersionInfo>
      <UseVersionInfo Value="True"/>
      <AutoIncrementBuild Value="True"/>
      <MajorVersionNr Value="1"/>
      <BuildNr Value="5"/>
      <StringTable FileDescription="Notetask" LegalCopyright="Alexander Tverskoy" ProductName="Notetask" ProductVersion="1.0"/>
    </VersionInfo>
    <BuildModes>
      <Item Name="Default" Default="True"/>
      <Item Name="Debug">
        <CompilerOptions>
          <Version Value="11"/>
          <PathDelim Value="\"/>
          <Target>
            <Filename Value="notetask"/>
          </Target>
          <SearchPaths>
            <IncludeFiles Value="$(ProjOutDir)"/>
            <OtherUnitFiles Value="forms;units"/>
            <UnitOutputDirectory Value="lib\$(TargetCPU)-$(TargetOS)"/>
          </SearchPaths>
          <Parsing>
            <SyntaxOptions>
              <IncludeAssertionCode Value="True"/>
            </SyntaxOptions>
          </Parsing>
          <CodeGeneration>
            <Checks>
              <IOChecks Value="True"/>
              <RangeChecks Value="True"/>
              <OverflowChecks Value="True"/>
              <StackChecks Value="True"/>
            </Checks>
          </CodeGeneration>
          <Linking>
            <Debugging>
              <DebugInfoType Value="dsDwarf3"/>
              <TrashVariables Value="True"/>
              <UseExternalDbgSyms Value="True"/>
            </Debugging>
            <Options>
              <Win32>
                <GraphicApplication Value="True"/>
              </Win32>
            </Options>
          </Linking>
          <Other>
            <CompilerMessages>
              <IgnoredMessages idx5024="True"/>
            </CompilerMessages>
          </Other>
        </CompilerOptions>
      </Item>
      <Item Name="Release">
        <CompilerOptions>
          <Version Value="11"/>
          <PathDelim Value="\"/>
          <Target>
            <Filename Value="notetask"/>
          </Target>
          <SearchPaths>
            <IncludeFiles Value="$(ProjOutDir)"/>
            <UnitOutputDirectory Value="lib\$(TargetCPU)-$(TargetOS)"/>
          </SearchPaths>
          <CodeGeneration>
            <SmartLinkUnit Value="True"/>
            <Optimizations>
              <OptimizationLevel Value="3"/>
            </Optimizations>
          </CodeGeneration>
          <Linking>
            <Debugging>
              <GenerateDebugInfo Value="False"/>
              <RunWithoutDebug Value="True"/>
            </Debugging>
            <LinkSmart Value="True"/>
            <Options>
              <Win32>
                <GraphicApplication Value="True"/>
              </Win32>
            </Options>
          </Linking>
        </CompilerOptions>
      </Item>
    </BuildModes>
    <PublishOptions>
      <Version Value="2"/>
      <UseFileFilters Value="True"/>
    </PublishOptions>
    <RunParams>
      <FormatVersion Value="2"/>
    </RunParams>
    <RequiredPackages>
      <Item>
        <PackageName Value="DateTimeCtrlsDsgn"/>
      </Item>
      <Item>
        <PackageName Value="DateTimeCtrls"/>
      </Item>
      <Item>
        <PackageName Value="Printer4Lazarus"/>
      </Item>
      <Item>
        <PackageName Value="LCL"/>
      </Item>
    </RequiredPackages>
    <Units>
      <Unit>
        <Filename Value="notetask.lpr"/>
        <IsPartOfProject Value="True"/>
      </Unit>
      <Unit>
        <Filename Value="forms\mainform.pas"/>
        <IsPartOfProject Value="True"/>
        <ComponentName Value="formNotetask"/>
        <HasResources Value="True"/>
        <ResourceBaseClass Value="Form"/>
      </Unit>
      <Unit>
        <Filename Value="units\lineending.pas"/>
        <IsPartOfProject Value="True"/>
      </Unit>
      <Unit>
        <Filename Value="units\filemanager.pas"/>
        <IsPartOfProject Value="True"/>
      </Unit>
      <Unit>
        <Filename Value="units\task.pas"/>
        <IsPartOfProject Value="True"/>
      </Unit>
      <Unit>
        <Filename Value="units\settings.pas"/>
        <IsPartOfProject Value="True"/>
      </Unit>
      <Unit>
        <Filename Value="units\gridprn.pas"/>
        <IsPartOfProject Value="True"/>
        <UnitName Value="GridPrn"/>
      </Unit>
      <Unit>
        <Filename Value="units\systemtool.pas"/>
        <IsPartOfProject Value="True"/>
      </Unit>
      <Unit>
        <Filename Value="units\stringtool.pas"/>
        <IsPartOfProject Value="True"/>
      </Unit>
      <Unit>
        <Filename Value="forms\forminput.pas"/>
        <IsPartOfProject Value="True"/>
        <ComponentName Value="formInputText"/>
        <HasResources Value="True"/>
        <ResourceBaseClass Value="Form"/>
      </Unit>
      <Unit>
        <Filename Value="forms\formfind.pas"/>
        <IsPartOfProject Value="True"/>
        <ComponentName Value="formFindText"/>
        <HasResources Value="True"/>
        <ResourceBaseClass Value="Form"/>
      </Unit>
      <Unit>
        <Filename Value="forms\formreplace.pas"/>
        <IsPartOfProject Value="True"/>
        <ComponentName Value="formReplaceText"/>
        <HasResources Value="True"/>
        <ResourceBaseClass Value="Form"/>
      </Unit>
      <Unit>
        <Filename Value="forms\formabout.pas"/>
        <IsPartOfProject Value="True"/>
        <ComponentName Value="formAboutNotetask"/>
        <HasResources Value="True"/>
        <ResourceBaseClass Value="Form"/>
      </Unit>
    </Units>
  </ProjectOptions>
  <CompilerOptions>
    <Version Value="11"/>
    <PathDelim Value="\"/>
    <Target>
      <Filename Value="notetask"/>
    </Target>
    <SearchPaths>
      <IncludeFiles Value="$(ProjOutDir)"/>
      <UnitOutputDirectory Value="lib\$(TargetCPU)-$(TargetOS)"/>
    </SearchPaths>
    <Linking>
      <Debugging>
        <DebugInfoType Value="dsDwarf3"/>
        <UseExternalDbgSyms Value="True"/>
      </Debugging>
      <Options>
        <Win32>
          <GraphicApplication Value="True"/>
        </Win32>
      </Options>
    </Linking>
  </CompilerOptions>
  <Debugging>
    <Exceptions>
      <Item>
        <Name Value="EAbort"/>
      </Item>
      <Item>
        <Name Value="ECodetoolError"/>
      </Item>
      <Item>
        <Name Value="EFOpenError"/>
      </Item>
    </Exceptions>
  </Debugging>
</CONFIG>
